// !$*UTF8*$!
{
	archiveVersion = 1;
	classes = {
	};
	objectVersion = 48;
	objects = {

/* Begin PBXBuildFile section */
		361682562058A50600520389 /* AppDelegate.swift in Sources */ = {isa = PBXBuildFile; fileRef = 361682552058A50600520389 /* AppDelegate.swift */; };
		361682582058A50600520389 /* ViewController.swift in Sources */ = {isa = PBXBuildFile; fileRef = 361682572058A50600520389 /* ViewController.swift */; };
		3616825B2058A50600520389 /* Main.storyboard in Resources */ = {isa = PBXBuildFile; fileRef = 361682592058A50600520389 /* Main.storyboard */; };
		3616825D2058A50600520389 /* Assets.xcassets in Resources */ = {isa = PBXBuildFile; fileRef = 3616825C2058A50600520389 /* Assets.xcassets */; };
		361682602058A50600520389 /* LaunchScreen.storyboard in Resources */ = {isa = PBXBuildFile; fileRef = 3616825E2058A50600520389 /* LaunchScreen.storyboard */; };
		361FC23F208EC92600309707 /* gorditas in Resources */ = {isa = PBXBuildFile; fileRef = 361FC23E208EC92600309707 /* gorditas */; };
		363B36D2209386A70088B85B /* checkmark.png in Resources */ = {isa = PBXBuildFile; fileRef = 360F0BD62092ABFE0087CE03 /* checkmark.png */; };
		363B36D3209386A70088B85B /* continueButton.png in Resources */ = {isa = PBXBuildFile; fileRef = 360F0BD42092ABFE0087CE03 /* continueButton.png */; };
		363B36D4209386A70088B85B /* friesBig@2x.png in Resources */ = {isa = PBXBuildFile; fileRef = 360F0BC72092ABFA0087CE03 /* friesBig@2x.png */; };
		363B36D5209386A70088B85B /* star.png in Resources */ = {isa = PBXBuildFile; fileRef = 360F0BD52092ABFE0087CE03 /* star.png */; };
		363B36D6209386A70088B85B /* Line 51.png in Resources */ = {isa = PBXBuildFile; fileRef = 360F0BD12092ABFD0087CE03 /* Line 51.png */; };
		363B36D7209386A70088B85B /* startpage.png in Resources */ = {isa = PBXBuildFile; fileRef = 360F0BC82092ABFA0087CE03 /* startpage.png */; };
		363B36D8209386A70088B85B /* hotdogBig.png in Resources */ = {isa = PBXBuildFile; fileRef = 360F0BCA2092ABFB0087CE03 /* hotdogBig.png */; };
		363B36D9209386A70088B85B /* nextButton.png in Resources */ = {isa = PBXBuildFile; fileRef = 360F0BC52092ABF90087CE03 /* nextButton.png */; };
		363B36DA209386A70088B85B /* character.png in Resources */ = {isa = PBXBuildFile; fileRef = 360F0BC62092ABFA0087CE03 /* character.png */; };
		363B36DB209386A70088B85B /* hamburgerBig.png in Resources */ = {isa = PBXBuildFile; fileRef = 360F0BD02092ABFD0087CE03 /* hamburgerBig.png */; };
		363B36DC209386A70088B85B /* hotdogBig@2x.png in Resources */ = {isa = PBXBuildFile; fileRef = 360F0BC12092ABF80087CE03 /* hotdogBig@2x.png */; };
		363B36DD209386A70088B85B /* actionPageBoard@2x.png in Resources */ = {isa = PBXBuildFile; fileRef = 360F0BCB2092ABFB0087CE03 /* actionPageBoard@2x.png */; };
		363B36DE209386A70088B85B /* checkmark@3x.png in Resources */ = {isa = PBXBuildFile; fileRef = 360F0BC92092ABFA0087CE03 /* checkmark@3x.png */; };
		363B36DF209386A70088B85B /* dialogue.png in Resources */ = {isa = PBXBuildFile; fileRef = 360F0BCF2092ABFC0087CE03 /* dialogue.png */; };
		363B36E0209386A70088B85B /* doughnutBig@2x.png in Resources */ = {isa = PBXBuildFile; fileRef = 360F0BD72092ABFF0087CE03 /* doughnutBig@2x.png */; };
		363B36E1209386A70088B85B /* background.png in Resources */ = {isa = PBXBuildFile; fileRef = 360F0BD22092ABFD0087CE03 /* background.png */; };
		363B36E2209386A70088B85B /* potatoe.png in Resources */ = {isa = PBXBuildFile; fileRef = 360F0BD32092ABFD0087CE03 /* potatoe.png */; };
		363B36E3209386A70088B85B /* cuteMusic.mp3 in Resources */ = {isa = PBXBuildFile; fileRef = 360F0BCC2092ABFB0087CE03 /* cuteMusic.mp3 */; };
		363B36E4209386A70088B85B /* home.png in Resources */ = {isa = PBXBuildFile; fileRef = 360F0BCE2092ABFC0087CE03 /* home.png */; };
		363B36E5209386A70088B85B /* actionPage.png in Resources */ = {isa = PBXBuildFile; fileRef = 360F0BCD2092ABFC0087CE03 /* actionPage.png */; };
		363B36E6209386A70088B85B /* salt.png in Resources */ = {isa = PBXBuildFile; fileRef = 360F0BC22092ABF80087CE03 /* salt.png */; };
		363B36E7209386A70088B85B /* pepper.png in Resources */ = {isa = PBXBuildFile; fileRef = 360F0BC32092ABF90087CE03 /* pepper.png */; };
		363B36E8209386A70088B85B /* bowl.png in Resources */ = {isa = PBXBuildFile; fileRef = 360F0BC42092ABF90087CE03 /* bowl.png */; };
		363B36F020938B5F0088B85B /* Gorditas-Bold.ttf in Resources */ = {isa = PBXBuildFile; fileRef = 363B36ED20938B410088B85B /* Gorditas-Bold.ttf */; };
		363B36F120938B5F0088B85B /* Gorditas-Regular.ttf in Resources */ = {isa = PBXBuildFile; fileRef = 363B36EE20938B410088B85B /* Gorditas-Regular.ttf */; };
		363B36F220938B5F0088B85B /* SIL Open Font License.txt in Resources */ = {isa = PBXBuildFile; fileRef = 363B36EF20938B410088B85B /* SIL Open Font License.txt */; };
		363B36FE209393E10088B85B /* potAsset 1@3x-8.png in Resources */ = {isa = PBXBuildFile; fileRef = 363B36FD209393DF0088B85B /* potAsset 1@3x-8.png */; };
		363B3700209393F90088B85B /* hotdogAsset 2@3x-8.png in Resources */ = {isa = PBXBuildFile; fileRef = 363B36FF209393F70088B85B /* hotdogAsset 2@3x-8.png */; };
		363B3702209394120088B85B /* bunAsset 4@3x-8.png in Resources */ = {isa = PBXBuildFile; fileRef = 363B3701209394100088B85B /* bunAsset 4@3x-8.png */; };
		363B3704209394230088B85B /* bunAsset 3@3x-8.png in Resources */ = {isa = PBXBuildFile; fileRef = 363B3703209394200088B85B /* bunAsset 3@3x-8.png */; };
		3644707220884370002EA22E /* starsAnimation.sks in Resources */ = {isa = PBXBuildFile; fileRef = 3644707120884370002EA22E /* starsAnimation.sks */; };
		365D1CA5206ABA420064DD38 /* MySceneAnimation.sks in Resources */ = {isa = PBXBuildFile; fileRef = 365D1CA4206ABA410064DD38 /* MySceneAnimation.sks */; };
		36AA40492092C5C0003686DE /* lock.png in Resources */ = {isa = PBXBuildFile; fileRef = 36AA40482092C5BE003686DE /* lock.png */; };
		36AA404B2092E35C003686DE /* kitchenBack@2x.png in Resources */ = {isa = PBXBuildFile; fileRef = 36AA404A2092E34F003686DE /* kitchenBack@2x.png */; };
/* End PBXBuildFile section */

/* Begin PBXFileReference section */
		360F0BC12092ABF80087CE03 /* hotdogBig@2x.png */ = {isa = PBXFileReference; lastKnownFileType = image.png; path = "hotdogBig@2x.png"; sourceTree = "<group>"; };
		360F0BC22092ABF80087CE03 /* salt.png */ = {isa = PBXFileReference; lastKnownFileType = image.png; path = salt.png; sourceTree = "<group>"; };
		360F0BC32092ABF90087CE03 /* pepper.png */ = {isa = PBXFileReference; lastKnownFileType = image.png; path = pepper.png; sourceTree = "<group>"; };
		360F0BC42092ABF90087CE03 /* bowl.png */ = {isa = PBXFileReference; lastKnownFileType = image.png; path = bowl.png; sourceTree = "<group>"; };
		360F0BC52092ABF90087CE03 /* nextButton.png */ = {isa = PBXFileReference; lastKnownFileType = image.png; path = nextButton.png; sourceTree = "<group>"; };
		360F0BC62092ABFA0087CE03 /* character.png */ = {isa = PBXFileReference; lastKnownFileType = image.png; path = character.png; sourceTree = "<group>"; };
		360F0BC72092ABFA0087CE03 /* friesBig@2x.png */ = {isa = PBXFileReference; lastKnownFileType = image.png; path = "friesBig@2x.png"; sourceTree = "<group>"; };
		360F0BC82092ABFA0087CE03 /* startpage.png */ = {isa = PBXFileReference; lastKnownFileType = image.png; path = startpage.png; sourceTree = "<group>"; };
		360F0BC92092ABFA0087CE03 /* checkmark@3x.png */ = {isa = PBXFileReference; lastKnownFileType = image.png; path = "checkmark@3x.png"; sourceTree = "<group>"; };
		360F0BCA2092ABFB0087CE03 /* hotdogBig.png */ = {isa = PBXFileReference; lastKnownFileType = image.png; path = hotdogBig.png; sourceTree = "<group>"; };
		360F0BCB2092ABFB0087CE03 /* actionPageBoard@2x.png */ = {isa = PBXFileReference; lastKnownFileType = image.png; path = "actionPageBoard@2x.png"; sourceTree = "<group>"; };
		360F0BCC2092ABFB0087CE03 /* cuteMusic.mp3 */ = {isa = PBXFileReference; lastKnownFileType = audio.mp3; path = cuteMusic.mp3; sourceTree = "<group>"; };
		360F0BCD2092ABFC0087CE03 /* actionPage.png */ = {isa = PBXFileReference; lastKnownFileType = image.png; path = actionPage.png; sourceTree = "<group>"; };
		360F0BCE2092ABFC0087CE03 /* home.png */ = {isa = PBXFileReference; lastKnownFileType = image.png; path = home.png; sourceTree = "<group>"; };
		360F0BCF2092ABFC0087CE03 /* dialogue.png */ = {isa = PBXFileReference; lastKnownFileType = image.png; path = dialogue.png; sourceTree = "<group>"; };
		360F0BD02092ABFD0087CE03 /* hamburgerBig.png */ = {isa = PBXFileReference; lastKnownFileType = image.png; path = hamburgerBig.png; sourceTree = "<group>"; };
		360F0BD12092ABFD0087CE03 /* Line 51.png */ = {isa = PBXFileReference; lastKnownFileType = image.png; path = "Line 51.png"; sourceTree = "<group>"; };
		360F0BD22092ABFD0087CE03 /* background.png */ = {isa = PBXFileReference; lastKnownFileType = image.png; path = background.png; sourceTree = "<group>"; };
		360F0BD32092ABFD0087CE03 /* potatoe.png */ = {isa = PBXFileReference; lastKnownFileType = image.png; path = potatoe.png; sourceTree = "<group>"; };
		360F0BD42092ABFE0087CE03 /* continueButton.png */ = {isa = PBXFileReference; lastKnownFileType = image.png; path = continueButton.png; sourceTree = "<group>"; };
		360F0BD52092ABFE0087CE03 /* star.png */ = {isa = PBXFileReference; lastKnownFileType = image.png; path = star.png; sourceTree = "<group>"; };
		360F0BD62092ABFE0087CE03 /* checkmark.png */ = {isa = PBXFileReference; lastKnownFileType = image.png; path = checkmark.png; sourceTree = "<group>"; };
		360F0BD72092ABFF0087CE03 /* doughnutBig@2x.png */ = {isa = PBXFileReference; lastKnownFileType = image.png; path = "doughnutBig@2x.png"; sourceTree = "<group>"; };
		361682522058A50600520389 /* let'sCookWorking.app */ = {isa = PBXFileReference; explicitFileType = wrapper.application; includeInIndex = 0; path = "let'sCookWorking.app"; sourceTree = BUILT_PRODUCTS_DIR; };
		361682552058A50600520389 /* AppDelegate.swift */ = {isa = PBXFileReference; lastKnownFileType = sourcecode.swift; path = AppDelegate.swift; sourceTree = "<group>"; };
		361682572058A50600520389 /* ViewController.swift */ = {isa = PBXFileReference; lastKnownFileType = sourcecode.swift; path = ViewController.swift; sourceTree = "<group>"; };
		3616825A2058A50600520389 /* Base */ = {isa = PBXFileReference; lastKnownFileType = file.storyboard; name = Base; path = Base.lproj/Main.storyboard; sourceTree = "<group>"; };
		3616825C2058A50600520389 /* Assets.xcassets */ = {isa = PBXFileReference; lastKnownFileType = folder.assetcatalog; path = Assets.xcassets; sourceTree = "<group>"; };
		3616825F2058A50600520389 /* Base */ = {isa = PBXFileReference; lastKnownFileType = file.storyboard; name = Base; path = Base.lproj/LaunchScreen.storyboard; sourceTree = "<group>"; };
		361682612058A50700520389 /* Info.plist */ = {isa = PBXFileReference; lastKnownFileType = text.plist.xml; path = Info.plist; sourceTree = "<group>"; };
		361FC23E208EC92600309707 /* gorditas */ = {isa = PBXFileReference; lastKnownFileType = folder; name = gorditas; path = ../../../../Downloads/gorditas; sourceTree = "<group>"; };
		363B36ED20938B410088B85B /* Gorditas-Bold.ttf */ = {isa = PBXFileReference; lastKnownFileType = file; path = "Gorditas-Bold.ttf"; sourceTree = "<group>"; };
		363B36EE20938B410088B85B /* Gorditas-Regular.ttf */ = {isa = PBXFileReference; lastKnownFileType = file; path = "Gorditas-Regular.ttf"; sourceTree = "<group>"; };
		363B36EF20938B410088B85B /* SIL Open Font License.txt */ = {isa = PBXFileReference; lastKnownFileType = text; path = "SIL Open Font License.txt"; sourceTree = "<group>"; };
		363B36FD209393DF0088B85B /* potAsset 1@3x-8.png */ = {isa = PBXFileReference; lastKnownFileType = image.png; name = "potAsset 1@3x-8.png"; path = "../cookingGameStuff/images/potAsset 1@3x-8.png"; sourceTree = "<group>"; };
		363B36FF209393F70088B85B /* hotdogAsset 2@3x-8.png */ = {isa = PBXFileReference; lastKnownFileType = image.png; name = "hotdogAsset 2@3x-8.png"; path = "../cookingGameStuff/images/hotdogAsset 2@3x-8.png"; sourceTree = "<group>"; };
		363B3701209394100088B85B /* bunAsset 4@3x-8.png */ = {isa = PBXFileReference; lastKnownFileType = image.png; name = "bunAsset 4@3x-8.png"; path = "../cookingGameStuff/images/bunAsset 4@3x-8.png"; sourceTree = "<group>"; };
		363B3703209394200088B85B /* bunAsset 3@3x-8.png */ = {isa = PBXFileReference; lastKnownFileType = image.png; name = "bunAsset 3@3x-8.png"; path = "../cookingGameStuff/images/bunAsset 3@3x-8.png"; sourceTree = "<group>"; };
		3644707120884370002EA22E /* starsAnimation.sks */ = {isa = PBXFileReference; lastKnownFileType = file.sks; path = starsAnimation.sks; sourceTree = "<group>"; };
		365D1CA4206ABA410064DD38 /* MySceneAnimation.sks */ = {isa = PBXFileReference; lastKnownFileType = file.sks; path = MySceneAnimation.sks; sourceTree = "<group>"; };
		36AA40482092C5BE003686DE /* lock.png */ = {isa = PBXFileReference; lastKnownFileType = image.png; name = lock.png; path = ../cookingGameStuff/images/lock.png; sourceTree = "<group>"; };
		36AA404A2092E34F003686DE /* kitchenBack@2x.png */ = {isa = PBXFileReference; lastKnownFileType = image.png; name = "kitchenBack@2x.png"; path = "../cookingGameStuff/images/kitchenBack@2x.png"; sourceTree = "<group>"; };
/* End PBXFileReference section */

/* Begin PBXFrameworksBuildPhase section */
		3616824F2058A50600520389 /* Frameworks */ = {
			isa = PBXFrameworksBuildPhase;
			buildActionMask = 2147483647;
			files = (
			);
			runOnlyForDeploymentPostprocessing = 0;
		};
/* End PBXFrameworksBuildPhase section */

/* Begin PBXGroup section */
		360F0BC02092ABE30087CE03 /* Images */ = {
			isa = PBXGroup;
			children = (
				363B3703209394200088B85B /* bunAsset 3@3x-8.png */,
				363B3701209394100088B85B /* bunAsset 4@3x-8.png */,
				363B36FF209393F70088B85B /* hotdogAsset 2@3x-8.png */,
				363B36FD209393DF0088B85B /* potAsset 1@3x-8.png */,
				36AA404A2092E34F003686DE /* kitchenBack@2x.png */,
				36AA40482092C5BE003686DE /* lock.png */,
				360F0BD62092ABFE0087CE03 /* checkmark.png */,
				360F0BD42092ABFE0087CE03 /* continueButton.png */,
				360F0BC72092ABFA0087CE03 /* friesBig@2x.png */,
				360F0BD52092ABFE0087CE03 /* star.png */,
				360F0BD12092ABFD0087CE03 /* Line 51.png */,
				360F0BC82092ABFA0087CE03 /* startpage.png */,
				360F0BCA2092ABFB0087CE03 /* hotdogBig.png */,
				360F0BC52092ABF90087CE03 /* nextButton.png */,
				360F0BC62092ABFA0087CE03 /* character.png */,
				360F0BD02092ABFD0087CE03 /* hamburgerBig.png */,
				360F0BC12092ABF80087CE03 /* hotdogBig@2x.png */,
				360F0BCB2092ABFB0087CE03 /* actionPageBoard@2x.png */,
				360F0BC92092ABFA0087CE03 /* checkmark@3x.png */,
				360F0BCF2092ABFC0087CE03 /* dialogue.png */,
				360F0BD72092ABFF0087CE03 /* doughnutBig@2x.png */,
				360F0BD22092ABFD0087CE03 /* background.png */,
				360F0BD32092ABFD0087CE03 /* potatoe.png */,
				360F0BCC2092ABFB0087CE03 /* cuteMusic.mp3 */,
				360F0BCE2092ABFC0087CE03 /* home.png */,
				360F0BCD2092ABFC0087CE03 /* actionPage.png */,
				360F0BC22092ABF80087CE03 /* salt.png */,
				360F0BC32092ABF90087CE03 /* pepper.png */,
				360F0BC42092ABF90087CE03 /* bowl.png */,
			);
			name = Images;
			sourceTree = "<group>";
		};
		361682492058A50600520389 = {
			isa = PBXGroup;
			children = (
				363B36EC20938B410088B85B /* gorditas */,
				363B36EB20938B380088B85B /* fonts */,
				360F0BC02092ABE30087CE03 /* Images */,
				361682542058A50600520389 /* let'sCookWorking */,
				361682532058A50600520389 /* Products */,
			);
			sourceTree = "<group>";
		};
		361682532058A50600520389 /* Products */ = {
			isa = PBXGroup;
			children = (
				361682522058A50600520389 /* let'sCookWorking.app */,
			);
			name = Products;
			sourceTree = "<group>";
		};
		361682542058A50600520389 /* let'sCookWorking */ = {
			isa = PBXGroup;
			children = (
				361682552058A50600520389 /* AppDelegate.swift */,
				361682572058A50600520389 /* ViewController.swift */,
				361682592058A50600520389 /* Main.storyboard */,
				3616825C2058A50600520389 /* Assets.xcassets */,
				3616825E2058A50600520389 /* LaunchScreen.storyboard */,
				361682612058A50700520389 /* Info.plist */,
				3644707120884370002EA22E /* starsAnimation.sks */,
				365D1CA4206ABA410064DD38 /* MySceneAnimation.sks */,
				361FC23E208EC92600309707 /* gorditas */,
			);
			path = "let'sCookWorking";
			sourceTree = "<group>";
		};
		363B36EB20938B380088B85B /* fonts */ = {
			isa = PBXGroup;
			children = (
			);
			path = fonts;
			sourceTree = "<group>";
		};
		363B36EC20938B410088B85B /* gorditas */ = {
			isa = PBXGroup;
			children = (
				363B36ED20938B410088B85B /* Gorditas-Bold.ttf */,
				363B36EE20938B410088B85B /* Gorditas-Regular.ttf */,
				363B36EF20938B410088B85B /* SIL Open Font License.txt */,
			);
			path = gorditas;
			sourceTree = "<group>";
		};
/* End PBXGroup section */

/* Begin PBXNativeTarget section */
		361682512058A50600520389 /* let'sCookWorking */ = {
			isa = PBXNativeTarget;
			buildConfigurationList = 361682642058A50700520389 /* Build configuration list for PBXNativeTarget "let'sCookWorking" */;
			buildPhases = (
				3616824E2058A50600520389 /* Sources */,
				3616824F2058A50600520389 /* Frameworks */,
				361682502058A50600520389 /* Resources */,
			);
			buildRules = (
			);
			dependencies = (
			);
			name = "let'sCookWorking";
			productName = "let'sCookWorking";
			productReference = 361682522058A50600520389 /* let'sCookWorking.app */;
			productType = "com.apple.product-type.application";
		};
/* End PBXNativeTarget section */

/* Begin PBXProject section */
		3616824A2058A50600520389 /* Project object */ = {
			isa = PBXProject;
			attributes = {
				LastSwiftUpdateCheck = 0920;
				LastUpgradeCheck = 0930;
				ORGANIZATIONNAME = WhitneyLewis;
				TargetAttributes = {
					361682512058A50600520389 = {
						CreatedOnToolsVersion = 9.2;
						LastSwiftMigration = 0920;
						ProvisioningStyle = Automatic;
					};
				};
			};
			buildConfigurationList = 3616824D2058A50600520389 /* Build configuration list for PBXProject "let'sCookWorking" */;
			compatibilityVersion = "Xcode 8.0";
			developmentRegion = en;
			hasScannedForEncodings = 0;
			knownRegions = (
				en,
				Base,
			);
			mainGroup = 361682492058A50600520389;
			productRefGroup = 361682532058A50600520389 /* Products */;
			projectDirPath = "";
			projectRoot = "";
			targets = (
				361682512058A50600520389 /* let'sCookWorking */,
			);
		};
/* End PBXProject section */

/* Begin PBXResourcesBuildPhase section */
		361682502058A50600520389 /* Resources */ = {
			isa = PBXResourcesBuildPhase;
			buildActionMask = 2147483647;
			files = (
				363B36F020938B5F0088B85B /* Gorditas-Bold.ttf in Resources */,
				363B36F120938B5F0088B85B /* Gorditas-Regular.ttf in Resources */,
				363B3704209394230088B85B /* bunAsset 3@3x-8.png in Resources */,
				363B36F220938B5F0088B85B /* SIL Open Font License.txt in Resources */,
				363B36D2209386A70088B85B /* checkmark.png in Resources */,
				363B36D3209386A70088B85B /* continueButton.png in Resources */,
				363B36D4209386A70088B85B /* friesBig@2x.png in Resources */,
				363B36D5209386A70088B85B /* star.png in Resources */,
				363B36D6209386A70088B85B /* Line 51.png in Resources */,
				363B36D7209386A70088B85B /* startpage.png in Resources */,
				363B36D8209386A70088B85B /* hotdogBig.png in Resources */,
				363B36D9209386A70088B85B /* nextButton.png in Resources */,
				363B36DA209386A70088B85B /* character.png in Resources */,
				363B36DB209386A70088B85B /* hamburgerBig.png in Resources */,
				363B36DC209386A70088B85B /* hotdogBig@2x.png in Resources */,
				363B36DD209386A70088B85B /* actionPageBoard@2x.png in Resources */,
				363B36DE209386A70088B85B /* checkmark@3x.png in Resources */,
				363B36DF209386A70088B85B /* dialogue.png in Resources */,
				363B36E0209386A70088B85B /* doughnutBig@2x.png in Resources */,
				363B36E1209386A70088B85B /* background.png in Resources */,
				363B36E2209386A70088B85B /* potatoe.png in Resources */,
				363B36FE209393E10088B85B /* potAsset 1@3x-8.png in Resources */,
				363B36E3209386A70088B85B /* cuteMusic.mp3 in Resources */,
				363B36E4209386A70088B85B /* home.png in Resources */,
				363B36E5209386A70088B85B /* actionPage.png in Resources */,
				363B3702209394120088B85B /* bunAsset 4@3x-8.png in Resources */,
				363B36E6209386A70088B85B /* salt.png in Resources */,
				363B36E7209386A70088B85B /* pepper.png in Resources */,
				363B36E8209386A70088B85B /* bowl.png in Resources */,
				361682602058A50600520389 /* LaunchScreen.storyboard in Resources */,
				3616825D2058A50600520389 /* Assets.xcassets in Resources */,
				3616825B2058A50600520389 /* Main.storyboard in Resources */,
				361FC23F208EC92600309707 /* gorditas in Resources */,
				365D1CA5206ABA420064DD38 /* MySceneAnimation.sks in Resources */,
				363B3700209393F90088B85B /* hotdogAsset 2@3x-8.png in Resources */,
				3644707220884370002EA22E /* starsAnimation.sks in Resources */,
				36AA404B2092E35C003686DE /* kitchenBack@2x.png in Resources */,
				36AA40492092C5C0003686DE /* lock.png in Resources */,
			);
			runOnlyForDeploymentPostprocessing = 0;
		};
/* End PBXResourcesBuildPhase section */

/* Begin PBXSourcesBuildPhase section */
		3616824E2058A50600520389 /* Sources */ = {
			isa = PBXSourcesBuildPhase;
			buildActionMask = 2147483647;
			files = (
				361682582058A50600520389 /* ViewController.swift in Sources */,
				361682562058A50600520389 /* AppDelegate.swift in Sources */,
			);
			runOnlyForDeploymentPostprocessing = 0;
		};
/* End PBXSourcesBuildPhase section */

/* Begin PBXVariantGroup section */
		361682592058A50600520389 /* Main.storyboard */ = {
			isa = PBXVariantGroup;
			children = (
				3616825A2058A50600520389 /* Base */,
			);
			name = Main.storyboard;
			sourceTree = "<group>";
		};
		3616825E2058A50600520389 /* LaunchScreen.storyboard */ = {
			isa = PBXVariantGroup;
			children = (
				3616825F2058A50600520389 /* Base */,
			);
			name = LaunchScreen.storyboard;
			sourceTree = "<group>";
		};
/* End PBXVariantGroup section */

/* Begin XCBuildConfiguration section */
		361682622058A50700520389 /* Debug */ = {
			isa = XCBuildConfiguration;
			buildSettings = {
				ALWAYS_SEARCH_USER_PATHS = NO;
				CLANG_ANALYZER_NONNULL = YES;
				CLANG_ANALYZER_NUMBER_OBJECT_CONVERSION = YES_AGGRESSIVE;
				CLANG_CXX_LANGUAGE_STANDARD = "gnu++14";
				CLANG_CXX_LIBRARY = "libc++";
				CLANG_ENABLE_MODULES = YES;
				CLANG_ENABLE_OBJC_ARC = YES;
				CLANG_WARN_BLOCK_CAPTURE_AUTORELEASING = YES;
				CLANG_WARN_BOOL_CONVERSION = YES;
				CLANG_WARN_COMMA = YES;
				CLANG_WARN_CONSTANT_CONVERSION = YES;
				CLANG_WARN_DEPRECATED_OBJC_IMPLEMENTATIONS = YES;
				CLANG_WARN_DIRECT_OBJC_ISA_USAGE = YES_ERROR;
				CLANG_WARN_DOCUMENTATION_COMMENTS = YES;
				CLANG_WARN_EMPTY_BODY = YES;
				CLANG_WARN_ENUM_CONVERSION = YES;
				CLANG_WARN_INFINITE_RECURSION = YES;
				CLANG_WARN_INT_CONVERSION = YES;
				CLANG_WARN_NON_LITERAL_NULL_CONVERSION = YES;
				CLANG_WARN_OBJC_IMPLICIT_RETAIN_SELF = YES;
				CLANG_WARN_OBJC_LITERAL_CONVERSION = YES;
				CLANG_WARN_OBJC_ROOT_CLASS = YES_ERROR;
				CLANG_WARN_RANGE_LOOP_ANALYSIS = YES;
				CLANG_WARN_STRICT_PROTOTYPES = YES;
				CLANG_WARN_SUSPICIOUS_MOVE = YES;
				CLANG_WARN_UNGUARDED_AVAILABILITY = YES_AGGRESSIVE;
				CLANG_WARN_UNREACHABLE_CODE = YES;
				CLANG_WARN__DUPLICATE_METHOD_MATCH = YES;
				CODE_SIGN_IDENTITY = "iPhone Developer";
				COPY_PHASE_STRIP = NO;
				DEBUG_INFORMATION_FORMAT = dwarf;
				ENABLE_STRICT_OBJC_MSGSEND = YES;
				ENABLE_TESTABILITY = YES;
				GCC_C_LANGUAGE_STANDARD = gnu11;
				GCC_DYNAMIC_NO_PIC = NO;
				GCC_NO_COMMON_BLOCKS = YES;
				GCC_OPTIMIZATION_LEVEL = 0;
				GCC_PREPROCESSOR_DEFINITIONS = (
					"DEBUG=1",
					"$(inherited)",
				);
				GCC_WARN_64_TO_32_BIT_CONVERSION = YES;
				GCC_WARN_ABOUT_RETURN_TYPE = YES_ERROR;
				GCC_WARN_UNDECLARED_SELECTOR = YES;
				GCC_WARN_UNINITIALIZED_AUTOS = YES_AGGRESSIVE;
				GCC_WARN_UNUSED_FUNCTION = YES;
				GCC_WARN_UNUSED_VARIABLE = YES;
				IPHONEOS_DEPLOYMENT_TARGET = 11.2;
				MTL_ENABLE_DEBUG_INFO = YES;
				ONLY_ACTIVE_ARCH = YES;
				SDKROOT = iphoneos;
				SWIFT_ACTIVE_COMPILATION_CONDITIONS = DEBUG;
				SWIFT_OPTIMIZATION_LEVEL = "-Onone";
			};
			name = Debug;
		};
		361682632058A50700520389 /* Release */ = {
			isa = XCBuildConfiguration;
			buildSettings = {
				ALWAYS_SEARCH_USER_PATHS = NO;
				CLANG_ANALYZER_NONNULL = YES;
				CLANG_ANALYZER_NUMBER_OBJECT_CONVERSION = YES_AGGRESSIVE;
				CLANG_CXX_LANGUAGE_STANDARD = "gnu++14";
				CLANG_CXX_LIBRARY = "libc++";
				CLANG_ENABLE_MODULES = YES;
				CLANG_ENABLE_OBJC_ARC = YES;
				CLANG_WARN_BLOCK_CAPTURE_AUTORELEASING = YES;
				CLANG_WARN_BOOL_CONVERSION = YES;
				CLANG_WARN_COMMA = YES;
				CLANG_WARN_CONSTANT_CONVERSION = YES;
				CLANG_WARN_DEPRECATED_OBJC_IMPLEMENTATIONS = YES;
				CLANG_WARN_DIRECT_OBJC_ISA_USAGE = YES_ERROR;
				CLANG_WARN_DOCUMENTATION_COMMENTS = YES;
				CLANG_WARN_EMPTY_BODY = YES;
				CLANG_WARN_ENUM_CONVERSION = YES;
				CLANG_WARN_INFINITE_RECURSION = YES;
				CLANG_WARN_INT_CONVERSION = YES;
				CLANG_WARN_NON_LITERAL_NULL_CONVERSION = YES;
				CLANG_WARN_OBJC_IMPLICIT_RETAIN_SELF = YES;
				CLANG_WARN_OBJC_LITERAL_CONVERSION = YES;
				CLANG_WARN_OBJC_ROOT_CLASS = YES_ERROR;
				CLANG_WARN_RANGE_LOOP_ANALYSIS = YES;
				CLANG_WARN_STRICT_PROTOTYPES = YES;
				CLANG_WARN_SUSPICIOUS_MOVE = YES;
				CLANG_WARN_UNGUARDED_AVAILABILITY = YES_AGGRESSIVE;
				CLANG_WARN_UNREACHABLE_CODE = YES;
				CLANG_WARN__DUPLICATE_METHOD_MATCH = YES;
				CODE_SIGN_IDENTITY = "iPhone Developer";
				COPY_PHASE_STRIP = NO;
				DEBUG_INFORMATION_FORMAT = "dwarf-with-dsym";
				ENABLE_NS_ASSERTIONS = NO;
				ENABLE_STRICT_OBJC_MSGSEND = YES;
				GCC_C_LANGUAGE_STANDARD = gnu11;
				GCC_NO_COMMON_BLOCKS = YES;
				GCC_WARN_64_TO_32_BIT_CONVERSION = YES;
				GCC_WARN_ABOUT_RETURN_TYPE = YES_ERROR;
				GCC_WARN_UNDECLARED_SELECTOR = YES;
				GCC_WARN_UNINITIALIZED_AUTOS = YES_AGGRESSIVE;
				GCC_WARN_UNUSED_FUNCTION = YES;
				GCC_WARN_UNUSED_VARIABLE = YES;
				IPHONEOS_DEPLOYMENT_TARGET = 11.2;
				MTL_ENABLE_DEBUG_INFO = NO;
				SDKROOT = iphoneos;
				SWIFT_OPTIMIZATION_LEVEL = "-Owholemodule";
				VALIDATE_PRODUCT = YES;
			};
			name = Release;
		};
		361682652058A50700520389 /* Debug */ = {
			isa = XCBuildConfiguration;
			buildSettings = {
				ASSETCATALOG_COMPILER_APPICON_NAME = AppIcon;
				CLANG_ENABLE_MODULES = YES;
				CODE_SIGN_STYLE = Automatic;
				DEVELOPMENT_TEAM = Z9URCF2336;
				INFOPLIST_FILE = "let'sCookWorking/Info.plist";
				LD_RUNPATH_SEARCH_PATHS = "$(inherited) @executable_path/Frameworks";
				PRODUCT_BUNDLE_IDENTIFIER = "Winthrop.let-sCookWorking";
				PRODUCT_NAME = "$(TARGET_NAME)";
				SWIFT_INSTALL_OBJC_HEADER = NO;
				SWIFT_OBJC_BRIDGING_HEADER = "";
				SWIFT_OPTIMIZATION_LEVEL = "-Onone";
				SWIFT_VERSION = 4.0;
				TARGETED_DEVICE_FAMILY = "1,2";
			};
			name = Debug;
		};
		361682662058A50700520389 /* Release */ = {
			isa = XCBuildConfiguration;
			buildSettings = {
				ASSETCATALOG_COMPILER_APPICON_NAME = AppIcon;
				CLANG_ENABLE_MODULES = YES;
				CODE_SIGN_STYLE = Automatic;
				DEVELOPMENT_TEAM = Z9URCF2336;
				INFOPLIST_FILE = "let'sCookWorking/Info.plist";
				LD_RUNPATH_SEARCH_PATHS = "$(inherited) @executable_path/Frameworks";
				PRODUCT_BUNDLE_IDENTIFIER = "Winthrop.let-sCookWorking";
				PRODUCT_NAME = "$(TARGET_NAME)";
				SWIFT_INSTALL_OBJC_HEADER = NO;
				SWIFT_OBJC_BRIDGING_HEADER = "";
				SWIFT_VERSION = 4.0;
				TARGETED_DEVICE_FAMILY = "1,2";
			};
			name = Release;
		};
/* End XCBuildConfiguration section */

/* Begin XCConfigurationList section */
		3616824D2058A50600520389 /* Build configuration list for PBXProject "let'sCookWorking" */ = {
			isa = XCConfigurationList;
			buildConfigurations = (
				361682622058A50700520389 /* Debug */,
				361682632058A50700520389 /* Release */,
			);
			defaultConfigurationIsVisible = 0;
			defaultConfigurationName = Release;
		};
		361682642058A50700520389 /* Build configuration list for PBXNativeTarget "let'sCookWorking" */ = {
			isa = XCConfigurationList;
			buildConfigurations = (
				361682652058A50700520389 /* Debug */,
				361682662058A50700520389 /* Release */,
			);
			defaultConfigurationIsVisible = 0;
			defaultConfigurationName = Release;
		};
/* End XCConfigurationList section */
	};
	rootObject = 3616824A2058A50600520389 /* Project object */;
}
